
Microsoft Visual Studio Solution File, Format Version 12.00
# Visual Studio 15
VisualStudioVersion = 15.0.28307.1022
MinimumVisualStudioVersion = 10.0.40219.1
Project("{FAE04EC0-301F-11D3-BF4B-00C04F79EFBC}") = "CG-lab1b", "CG-lab1b\CG-lab1b.csproj", "{9656B92B-B9FC-4208-B9B1-AC9AD945B4C7}"
EndProject
Global
	GlobalSection(SolutionConfigurationPlatforms) = preSolution
		Debug|Any CPU = Debug|Any CPU
		Release|Any CPU = Release|Any CPU
	EndGlobalSection
	GlobalSection(ProjectConfigurationPlatforms) = postSolution
		{9656B92B-B9FC-4208-B9B1-AC9AD945B4C7}.Debug|Any CPU.ActiveCfg = Debug|Any CPU
		{9656B92B-B9FC-4208-B9B1-AC9AD945B4C7}.Debug|Any CPU.Build.0 = Debug|Any CPU
		{9656B92B-B9FC-4208-B9B1-AC9AD945B4C7}.Release|Any CPU.ActiveCfg = Release|Any CPU
		{9656B92B-B9FC-4208-B9B1-AC9AD945B4C7}.Release|Any CPU.Build.0 = Release|Any CPU
	EndGlobalSection
	GlobalSection(SolutionProperties) = preSolution
		HideSolutionNode = FALSE
	EndGlobalSection
	GlobalSection(ExtensibilityGlobals) = postSolution
		SolutionGuid = {DEAB37D8-05CC-4160-8E31-E07DE95ADAA5}
	EndGlobalSection
EndGlobal
